# This file is autogenerated, do not edit; changes may be undone by the next 'dep ensure'.


[[projects]]
  digest = "1:2fc3d482b7a75c656f8c746bfadbd63bdd91a828209d42425b4f90dad165120c"
  name = "code.cloudfoundry.org/lager"
  packages = ["."]
  pruneopts = "UT"
  revision = "b152b7147a2a0154109a5194fcc7f4a933283abb"
  version = "v2.0.0"

[[projects]]
  digest = "1:c79fb010be38a59d657c48c6ba1d003a8aa651fa56b579d959d74573b7dff8e1"
  name = "github.com/gorilla/context"
  packages = ["."]
  pruneopts = "UT"
  revision = "08b5f424b9271eedf6f9f0ce86cb9396ed337a42"
  version = "v1.1.1"

[[projects]]
  digest = "1:c661dee65a46d437daf269e5f5f462bd9df6d8e7c9750ad1655fb2cafdb177a6"
  name = "github.com/gorilla/mux"
  packages = ["."]
  pruneopts = "UT"
  revision = "e444e69cbd2e2e3e0749a2f3c717cec491552bbf"

[[projects]]
  branch = "arbitrary_params"
  digest = "1:33de84bf13c40886bfd4236baf8fb4192644cc3041c456d5d8f68acea75d94ad"
  name = "github.com/pivotal-cf/brokerapi"
  packages = [
    ".",
    "auth",
  ]
  pruneopts = "UT"
  revision = "3c6889259b98dc489f552cd5a0ebeec117620219"

[[projects]]
  digest = "1:840768dcce5f1374a2f6cf7746af174ad4c106c357ffeb8d2505af4a163a2e11"
  name = "github.com/pivotal-golang/lager"
  packages = ["."]
  pruneopts = "UT"
  revision = "ce9effb2d1062e2d81333f942df0549706901b1b"

[solve-meta]
  analyzer-name = "dep"
  analyzer-version = 1
  input-imports = [
    "code.cloudfoundry.org/lager",
    "github.com/pivotal-cf/brokerapi",
  ]
  solver-name = "gps-cdcl"
  solver-version = 1
